
Microsoft Visual Studio Solution File, Format Version 12.00
# Visual Studio Version 17
VisualStudioVersion = 17.0.32112.339
MinimumVisualStudioVersion = 10.0.40219.1
Project("{FAE04EC0-301F-11D3-BF4B-00C04F79EFBC}") = "MinitweetApi", "MinitweetApi.csproj", "{D2429B72-1867-435E-943B-15C582B5E860}"
EndProject
Global
	GlobalSection(SolutionConfigurationPlatforms) = preSolution
		Debug|Any CPU = Debug|Any CPU
		Release|Any CPU = Release|Any CPU
	EndGlobalSection
	GlobalSection(ProjectConfigurationPlatforms) = postSolution
		{D2429B72-1867-435E-943B-15C582B5E860}.Debug|Any CPU.ActiveCfg = Debug|Any CPU
		{D2429B72-1867-435E-943B-15C582B5E860}.Debug|Any CPU.Build.0 = Debug|Any CPU
		{D2429B72-1867-435E-943B-15C582B5E860}.Release|Any CPU.ActiveCfg = Release|Any CPU
		{D2429B72-1867-435E-943B-15C582B5E860}.Release|Any CPU.Build.0 = Release|Any CPU
	EndGlobalSection
	GlobalSection(SolutionProperties) = preSolution
		HideSolutionNode = FALSE
	EndGlobalSection
	GlobalSection(ExtensibilityGlobals) = postSolution
		SolutionGuid = {3E719655-727F-427B-A2B6-C85A3BDC42BE}
	EndGlobalSection
EndGlobal
